
Microsoft Visual Studio Solution File, Format Version 12.00
# Visual Studio Version 17
VisualStudioVersion = 17.13.35919.96
MinimumVisualStudioVersion = 10.0.40219.1
Project("{FAE04EC0-301F-11D3-BF4B-00C04F79EFBC}") = "api", "api\api.csproj", "{7FEFB9CD-AAC5-4291-B616-1767423851FC}"
EndProject
Global
	GlobalSection(SolutionConfigurationPlatforms) = preSolution
		Debug|Any CPU = Debug|Any CPU
		Release|Any CPU = Release|Any CPU
	EndGlobalSection
	GlobalSection(ProjectConfigurationPlatforms) = postSolution
		{7FEFB9CD-AAC5-4291-B616-1767423851FC}.Debug|Any CPU.ActiveCfg = Debug|Any CPU
		{7FEFB9CD-AAC5-4291-B616-1767423851FC}.Debug|Any CPU.Build.0 = Debug|Any CPU
		{7FEFB9CD-AAC5-4291-B616-1767423851FC}.Release|Any CPU.ActiveCfg = Release|Any CPU
		{7FEFB9CD-AAC5-4291-B616-1767423851FC}.Release|Any CPU.Build.0 = Release|Any CPU
	EndGlobalSection
	GlobalSection(SolutionProperties) = preSolution
		HideSolutionNode = FALSE
	EndGlobalSection
	GlobalSection(ExtensibilityGlobals) = postSolution
		SolutionGuid = {88E67EE9-E20F-4814-B8BD-EC5D01E4C7F1}
	EndGlobalSection
EndGlobal
